
Microsoft Visual Studio Solution File, Format Version 12.00
# Visual Studio Version 17
VisualStudioVersion = 17.2.32602.215
MinimumVisualStudioVersion = 10.0.40219.1
Project("{9A19103F-16F7-4668-BE54-9A1E7A4F7556}") = "RestApi", "RestApi\RestApi.csproj", "{81CFB5B6-0231-4610-8FC3-385ADA593699}"
EndProject
Project("{9A19103F-16F7-4668-BE54-9A1E7A4F7556}") = "SharedLibrary", "SharedLibrary\SharedLibrary.csproj", "{B51DAC4D-B9C1-403A-97FF-3726DF517815}"
EndProject
Global
	GlobalSection(SolutionConfigurationPlatforms) = preSolution
		Debug|Any CPU = Debug|Any CPU
		Release|Any CPU = Release|Any CPU
	EndGlobalSection
	GlobalSection(ProjectConfigurationPlatforms) = postSolution
		{81CFB5B6-0231-4610-8FC3-385ADA593699}.Debug|Any CPU.ActiveCfg = Debug|Any CPU
		{81CFB5B6-0231-4610-8FC3-385ADA593699}.Debug|Any CPU.Build.0 = Debug|Any CPU
		{81CFB5B6-0231-4610-8FC3-385ADA593699}.Release|Any CPU.ActiveCfg = Release|Any CPU
		{81CFB5B6-0231-4610-8FC3-385ADA593699}.Release|Any CPU.Build.0 = Release|Any CPU
		{B51DAC4D-B9C1-403A-97FF-3726DF517815}.Debug|Any CPU.ActiveCfg = Debug|Any CPU
		{B51DAC4D-B9C1-403A-97FF-3726DF517815}.Debug|Any CPU.Build.0 = Debug|Any CPU
		{B51DAC4D-B9C1-403A-97FF-3726DF517815}.Release|Any CPU.ActiveCfg = Release|Any CPU
		{B51DAC4D-B9C1-403A-97FF-3726DF517815}.Release|Any CPU.Build.0 = Release|Any CPU
	EndGlobalSection
	GlobalSection(SolutionProperties) = preSolution
		HideSolutionNode = FALSE
	EndGlobalSection
	GlobalSection(ExtensibilityGlobals) = postSolution
		SolutionGuid = {325B57C0-1731-4EF3-80DB-26991B3D6FD8}
	EndGlobalSection
EndGlobal
