
Microsoft Visual Studio Solution File, Format Version 12.00
# Visual Studio Version 17
VisualStudioVersion = 17.2.32602.215
MinimumVisualStudioVersion = 10.0.40219.1
Project("{FAE04EC0-301F-11D3-BF4B-00C04F79EFBC}") = "VstoHelperLibrary", "VstoHelperLibrary\VstoHelperLibrary.csproj", "{8812AD9D-A805-45DA-BACE-4FB816650CAC}"
EndProject
Global
	GlobalSection(SolutionConfigurationPlatforms) = preSolution
		Debug|Any CPU = Debug|Any CPU
		Release|Any CPU = Release|Any CPU
	EndGlobalSection
	GlobalSection(ProjectConfigurationPlatforms) = postSolution
		{8812AD9D-A805-45DA-BACE-4FB816650CAC}.Debug|Any CPU.ActiveCfg = Debug|Any CPU
		{8812AD9D-A805-45DA-BACE-4FB816650CAC}.Debug|Any CPU.Build.0 = Debug|Any CPU
		{8812AD9D-A805-45DA-BACE-4FB816650CAC}.Release|Any CPU.ActiveCfg = Release|Any CPU
		{8812AD9D-A805-45DA-BACE-4FB816650CAC}.Release|Any CPU.Build.0 = Release|Any CPU
	EndGlobalSection
	GlobalSection(SolutionProperties) = preSolution
		HideSolutionNode = FALSE
	EndGlobalSection
	GlobalSection(ExtensibilityGlobals) = postSolution
		SolutionGuid = {A772606C-5F4D-4CE8-A917-89E3CC62F476}
	EndGlobalSection
EndGlobal
